
Microsoft Visual Studio Solution File, Format Version 12.00
# Visual Studio Version 16
VisualStudioVersion = 16.0.30225.117
MinimumVisualStudioVersion = 10.0.40219.1
Project("{9A19103F-16F7-4668-BE54-9A1E7A4F7556}") = "TcpClient", "TcpClient\TcpClient.csproj", "{8F386299-1FF3-400A-BE58-4FCDC22263AB}"
EndProject
Project("{9A19103F-16F7-4668-BE54-9A1E7A4F7556}") = "TcpListener", "TcpListener\TcpListener.csproj", "{72FF5613-5BF0-4C98-9402-D3025F0328AB}"
EndProject
Project("{FAE04EC0-301F-11D3-BF4B-00C04F79EFBC}") = "SerializableTypes", "SerializableTypes\SerializableTypes.csproj", "{304B51CB-81B3-4238-9DB7-BE4DE4005D91}"
EndProject
Global
	GlobalSection(SolutionConfigurationPlatforms) = preSolution
		Debug|Any CPU = Debug|Any CPU
		Release|Any CPU = Release|Any CPU
	EndGlobalSection
	GlobalSection(ProjectConfigurationPlatforms) = postSolution
		{8F386299-1FF3-400A-BE58-4FCDC22263AB}.Debug|Any CPU.ActiveCfg = Debug|Any CPU
		{8F386299-1FF3-400A-BE58-4FCDC22263AB}.Debug|Any CPU.Build.0 = Debug|Any CPU
		{8F386299-1FF3-400A-BE58-4FCDC22263AB}.Release|Any CPU.ActiveCfg = Release|Any CPU
		{8F386299-1FF3-400A-BE58-4FCDC22263AB}.Release|Any CPU.Build.0 = Release|Any CPU
		{72FF5613-5BF0-4C98-9402-D3025F0328AB}.Debug|Any CPU.ActiveCfg = Debug|Any CPU
		{72FF5613-5BF0-4C98-9402-D3025F0328AB}.Debug|Any CPU.Build.0 = Debug|Any CPU
		{72FF5613-5BF0-4C98-9402-D3025F0328AB}.Release|Any CPU.ActiveCfg = Release|Any CPU
		{72FF5613-5BF0-4C98-9402-D3025F0328AB}.Release|Any CPU.Build.0 = Release|Any CPU
		{304B51CB-81B3-4238-9DB7-BE4DE4005D91}.Debug|Any CPU.ActiveCfg = Debug|Any CPU
		{304B51CB-81B3-4238-9DB7-BE4DE4005D91}.Debug|Any CPU.Build.0 = Debug|Any CPU
		{304B51CB-81B3-4238-9DB7-BE4DE4005D91}.Release|Any CPU.ActiveCfg = Release|Any CPU
		{304B51CB-81B3-4238-9DB7-BE4DE4005D91}.Release|Any CPU.Build.0 = Release|Any CPU
	EndGlobalSection
	GlobalSection(SolutionProperties) = preSolution
		HideSolutionNode = FALSE
	EndGlobalSection
	GlobalSection(ExtensibilityGlobals) = postSolution
		SolutionGuid = {E35D7452-3A80-456F-8613-A193C1763D2B}
	EndGlobalSection
EndGlobal
